
Microsoft Visual Studio Solution File, Format Version 12.00
# Visual Studio Version 17
VisualStudioVersion = 17.5.002.0
MinimumVisualStudioVersion = 10.0.40219.1
Project("{9A19103F-16F7-4668-BE54-9A1E7A4F7556}") = "TDE14", "TDE14.csproj", "{3F8E483A-945C-422F-AC4F-F189D1E74CF5}"
EndProject
Global
	GlobalSection(SolutionConfigurationPlatforms) = preSolution
		Debug|Any CPU = Debug|Any CPU
		Release|Any CPU = Release|Any CPU
	EndGlobalSection
	GlobalSection(ProjectConfigurationPlatforms) = postSolution
		{3F8E483A-945C-422F-AC4F-F189D1E74CF5}.Debug|Any CPU.ActiveCfg = Debug|Any CPU
		{3F8E483A-945C-422F-AC4F-F189D1E74CF5}.Debug|Any CPU.Build.0 = Debug|Any CPU
		{3F8E483A-945C-422F-AC4F-F189D1E74CF5}.Release|Any CPU.ActiveCfg = Release|Any CPU
		{3F8E483A-945C-422F-AC4F-F189D1E74CF5}.Release|Any CPU.Build.0 = Release|Any CPU
	EndGlobalSection
	GlobalSection(SolutionProperties) = preSolution
		HideSolutionNode = FALSE
	EndGlobalSection
	GlobalSection(ExtensibilityGlobals) = postSolution
		SolutionGuid = {E4D57F96-A083-4032-9435-4442582C710B}
	EndGlobalSection
EndGlobal
